<?xml version="1.0" encoding="utf-8"?>
<Project ToolsVersion="4.0" xmlns="http://schemas.microsoft.com/developer/msbuild/2003">
  <ItemGroup>
    <Filter Include="Source Files">
      <UniqueIdentifier>{4FC737F1-C7A5-4376-A066-2A32D752A2FF}</UniqueIdentifier>
      <Extensions>cpp;c;cc;cxx;c++;cppm;ixx;def;odl;idl;hpj;bat;asm;asmx</Extensions>
    </Filter>
    <Filter Include="Header Files">
      <UniqueIdentifier>{93995380-89BD-4b04-88EB-625FBE52EBFB}</UniqueIdentifier>
      <Extensions>h;hh;hpp;hxx;h++;hm;inl;inc;ipp;xsd</Extensions>
    </Filter>
    <Filter Include="Resource Files">
      <UniqueIdentifier>{67DA6AB6-F800-4c08-8B7A-83BB121AAD01}</UniqueIdentifier>
      <Extensions>rc;ico;cur;bmp;dlg;rc2;rct;bin;rgs;gif;jpg;jpeg;jpe;resx;tiff;tif;png;wav;mfcribbon-ms</Extensions>
    </Filter>
    <Filter Include="Header Files\lib">
      <UniqueIdentifier>{5da70f3b-9188-4d6b-bc42-eb948c4c6335}</UniqueIdentifier>
    </Filter>
    <Filter Include="Header Files\hittable">
      <UniqueIdentifier>{5be42eb2-10c9-4b77-ab0d-66ef95c27c87}</UniqueIdentifier>
    </Filter>
    <Filter Include="Header Files\material">
      <UniqueIdentifier>{8fe4727a-7c5d-4f9e-9877-9e70ecc16027}</UniqueIdentifier>
    </Filter>
    <Filter Include="Header Files\parallel">
      <UniqueIdentifier>{133625a7-a6c1-4d75-b18e-042a559f5974}</UniqueIdentifier>
    </Filter>
    <Filter Include="Header Files\math">
      <UniqueIdentifier>{8c743490-d929-4086-a0d0-28e6f2f40966}</UniqueIdentifier>
    </Filter>
    <Filter Include="Header Files\3d">
      <UniqueIdentifier>{e907c232-8b2c-4329-955f-00104cbe9d1b}</UniqueIdentifier>
    </Filter>
  </ItemGroup>
  <ItemGroup>
    <ClInclude Include="source\ray.h">
      <Filter>Header Files</Filter>
    </ClInclude>
    <ClInclude Include="source\camera.h">
      <Filter>Header Files</Filter>
    </ClInclude>
    <ClInclude Include="source\parallel\parallel_tracer.h">
      <Filter>Header Files\parallel</Filter>
    </ClInclude>
    <ClInclude Include="source\math\mat3.h">
      <Filter>Header Files\math</Filter>
    </ClInclude>
    <ClInclude Include="source\math\noise.h">
      <Filter>Header Files\math</Filter>
    </ClInclude>
    <ClInclude Include="source\math\pdf.h">
      <Filter>Header Files\math</Filter>
    </ClInclude>
    <ClInclude Include="source\math\vec3.h">
      <Filter>Header Files\math</Filter>
    </ClInclude>
    <ClInclude Include="source\material\material.h">
      <Filter>Header Files\material</Filter>
    </ClInclude>
    <ClInclude Include="source\material\texture.h">
      <Filter>Header Files\material</Filter>
    </ClInclude>
    <ClInclude Include="source\lib\stb_image.h">
      <Filter>Header Files\lib</Filter>
    </ClInclude>
    <ClInclude Include="source\lib\stb_image_write.h">
      <Filter>Header Files\lib</Filter>
    </ClInclude>
    <ClInclude Include="source\hittable\hittable.h">
      <Filter>Header Files\hittable</Filter>
    </ClInclude>
    <ClInclude Include="source\hittable\medium.h">
      <Filter>Header Files\hittable</Filter>
    </ClInclude>
    <ClInclude Include="source\hittable\mesh.h">
      <Filter>Header Files\hittable</Filter>
    </ClInclude>
    <ClInclude Include="source\3d\aabb.h">
      <Filter>Header Files\3d</Filter>
    </ClInclude>
    <ClInclude Include="source\3d\bvh.h">
      <Filter>Header Files\3d</Filter>
    </ClInclude>
    <ClInclude Include="source\3d\onb.h">
      <Filter>Header Files\3d</Filter>
    </ClInclude>
    <ClInclude Include="source\material\glossy.h">
      <Filter>Header Files\material</Filter>
    </ClInclude>
  </ItemGroup>
  <ItemGroup>
    <ClCompile Include="source\main.cpp">
      <Filter>Source Files</Filter>
    </ClCompile>
    <ClCompile Include="source\material\material.cpp">
      <Filter>Source Files</Filter>
    </ClCompile>
    <ClCompile Include="source\material\texture.cpp">
      <Filter>Source Files</Filter>
    </ClCompile>
    <ClCompile Include="source\hittable\hittable.cpp">
      <Filter>Source Files</Filter>
    </ClCompile>
    <ClCompile Include="source\hittable\medium.cpp">
      <Filter>Source Files</Filter>
    </ClCompile>
    <ClCompile Include="source\hittable\mesh.cpp">
      <Filter>Source Files</Filter>
    </ClCompile>
    <ClCompile Include="source\3d\bvh.cpp">
      <Filter>Source Files</Filter>
    </ClCompile>
    <ClCompile Include="source\material\glossy.cpp">
      <Filter>Source Files</Filter>
    </ClCompile>
  </ItemGroup>
</Project>